
Microsoft Visual Studio Solution File, Format Version 12.00
# Visual Studio Version 16
VisualStudioVersion = 16.0.30104.148
MinimumVisualStudioVersion = 10.0.40219.1
Project("{FAE04EC0-301F-11D3-BF4B-00C04F79EFBC}") = "Simplicidade.Web", "Simplicidade.Web\Simplicidade.Web.csproj", "{9C1F7428-C249-44E8-8FB0-C13B903CECD7}"
EndProject
Project("{FAE04EC0-301F-11D3-BF4B-00C04F79EFBC}") = "Simplicidade.API", "Simplicidade.API\Simplicidade.API.csproj", "{0B88B8B7-5EEB-4C08-8FC3-39970A32021B}"
EndProject
Project("{FAE04EC0-301F-11D3-BF4B-00C04F79EFBC}") = "Simplicidade.Compartilhada", "Simplicidade.Compartilhada\Simplicidade.Compartilhada.csproj", "{7DAF4C52-FFF0-4EA7-91F4-A63E3191431E}"
EndProject
Project("{FAE04EC0-301F-11D3-BF4B-00C04F79EFBC}") = "Simplicidade.Nativo.UWP", "Simplicidade.Nativo\Simplicidade.Nativo.UWP\Simplicidade.Nativo.UWP.csproj", "{FAC77B11-D2CD-49C9-AD8E-8DC22FF1EA79}"
EndProject
Project("{FAE04EC0-301F-11D3-BF4B-00C04F79EFBC}") = "Simplicidade.Nativo.Android", "Simplicidade.Nativo\Simplicidade.Nativo.Android\Simplicidade.Nativo.Android.csproj", "{DDF7DB31-8379-4B70-A875-AEE9B5762921}"
EndProject
Project("{FAE04EC0-301F-11D3-BF4B-00C04F79EFBC}") = "Simplicidade.Nativo.iOS", "Simplicidade.Nativo\Simplicidade.Nativo.iOS\Simplicidade.Nativo.iOS.csproj", "{217B226B-BF78-4712-9802-2A1EBB173E26}"
EndProject
Project("{FAE04EC0-301F-11D3-BF4B-00C04F79EFBC}") = "Simplicidade.Nativo", "Simplicidade.Nativo\Simplicidade.Nativo\Simplicidade.Nativo.csproj", "{433455C6-4829-4357-8B4B-17D33275C14B}"
EndProject
Project("{FAE04EC0-301F-11D3-BF4B-00C04F79EFBC}") = "Simplicidade.Teste", "Simplicidade.Teste\Simplicidade.Teste.csproj", "{9C8F58F6-5E38-412D-91AE-28EF41C1BD06}"
EndProject
Global
	GlobalSection(SolutionConfigurationPlatforms) = preSolution
		Debug|Any CPU = Debug|Any CPU
		Debug|ARM = Debug|ARM
		Debug|iPhone = Debug|iPhone
		Debug|iPhoneSimulator = Debug|iPhoneSimulator
		Debug|x64 = Debug|x64
		Debug|x86 = Debug|x86
		Release|Any CPU = Release|Any CPU
		Release|ARM = Release|ARM
		Release|iPhone = Release|iPhone
		Release|iPhoneSimulator = Release|iPhoneSimulator
		Release|x64 = Release|x64
		Release|x86 = Release|x86
	EndGlobalSection
	GlobalSection(ProjectConfigurationPlatforms) = postSolution
		{9C1F7428-C249-44E8-8FB0-C13B903CECD7}.Debug|Any CPU.ActiveCfg = Debug|Any CPU
		{9C1F7428-C249-44E8-8FB0-C13B903CECD7}.Debug|Any CPU.Build.0 = Debug|Any CPU
		{9C1F7428-C249-44E8-8FB0-C13B903CECD7}.Debug|ARM.ActiveCfg = Debug|Any CPU
		{9C1F7428-C249-44E8-8FB0-C13B903CECD7}.Debug|ARM.Build.0 = Debug|Any CPU
		{9C1F7428-C249-44E8-8FB0-C13B903CECD7}.Debug|iPhone.ActiveCfg = Debug|Any CPU
		{9C1F7428-C249-44E8-8FB0-C13B903CECD7}.Debug|iPhone.Build.0 = Debug|Any CPU
		{9C1F7428-C249-44E8-8FB0-C13B903CECD7}.Debug|iPhoneSimulator.ActiveCfg = Debug|Any CPU
		{9C1F7428-C249-44E8-8FB0-C13B903CECD7}.Debug|iPhoneSimulator.Build.0 = Debug|Any CPU
		{9C1F7428-C249-44E8-8FB0-C13B903CECD7}.Debug|x64.ActiveCfg = Debug|Any CPU
		{9C1F7428-C249-44E8-8FB0-C13B903CECD7}.Debug|x64.Build.0 = Debug|Any CPU
		{9C1F7428-C249-44E8-8FB0-C13B903CECD7}.Debug|x86.ActiveCfg = Debug|Any CPU
		{9C1F7428-C249-44E8-8FB0-C13B903CECD7}.Debug|x86.Build.0 = Debug|Any CPU
		{9C1F7428-C249-44E8-8FB0-C13B903CECD7}.Release|Any CPU.ActiveCfg = Release|Any CPU
		{9C1F7428-C249-44E8-8FB0-C13B903CECD7}.Release|Any CPU.Build.0 = Release|Any CPU
		{9C1F7428-C249-44E8-8FB0-C13B903CECD7}.Release|ARM.ActiveCfg = Release|Any CPU
		{9C1F7428-C249-44E8-8FB0-C13B903CECD7}.Release|ARM.Build.0 = Release|Any CPU
		{9C1F7428-C249-44E8-8FB0-C13B903CECD7}.Release|iPhone.ActiveCfg = Release|Any CPU
		{9C1F7428-C249-44E8-8FB0-C13B903CECD7}.Release|iPhone.Build.0 = Release|Any CPU
		{9C1F7428-C249-44E8-8FB0-C13B903CECD7}.Release|iPhoneSimulator.ActiveCfg = Release|Any CPU
		{9C1F7428-C249-44E8-8FB0-C13B903CECD7}.Release|iPhoneSimulator.Build.0 = Release|Any CPU
		{9C1F7428-C249-44E8-8FB0-C13B903CECD7}.Release|x64.ActiveCfg = Release|Any CPU
		{9C1F7428-C249-44E8-8FB0-C13B903CECD7}.Release|x64.Build.0 = Release|Any CPU
		{9C1F7428-C249-44E8-8FB0-C13B903CECD7}.Release|x86.ActiveCfg = Release|Any CPU
		{9C1F7428-C249-44E8-8FB0-C13B903CECD7}.Release|x86.Build.0 = Release|Any CPU
		{0B88B8B7-5EEB-4C08-8FC3-39970A32021B}.Debug|Any CPU.ActiveCfg = Debug|Any CPU
		{0B88B8B7-5EEB-4C08-8FC3-39970A32021B}.Debug|Any CPU.Build.0 = Debug|Any CPU
		{0B88B8B7-5EEB-4C08-8FC3-39970A32021B}.Debug|ARM.ActiveCfg = Debug|Any CPU
		{0B88B8B7-5EEB-4C08-8FC3-39970A32021B}.Debug|ARM.Build.0 = Debug|Any CPU
		{0B88B8B7-5EEB-4C08-8FC3-39970A32021B}.Debug|iPhone.ActiveCfg = Debug|Any CPU
		{0B88B8B7-5EEB-4C08-8FC3-39970A32021B}.Debug|iPhone.Build.0 = Debug|Any CPU
		{0B88B8B7-5EEB-4C08-8FC3-39970A32021B}.Debug|iPhoneSimulator.ActiveCfg = Debug|Any CPU
		{0B88B8B7-5EEB-4C08-8FC3-39970A32021B}.Debug|iPhoneSimulator.Build.0 = Debug|Any CPU
		{0B88B8B7-5EEB-4C08-8FC3-39970A32021B}.Debug|x64.ActiveCfg = Debug|Any CPU
		{0B88B8B7-5EEB-4C08-8FC3-39970A32021B}.Debug|x64.Build.0 = Debug|Any CPU
		{0B88B8B7-5EEB-4C08-8FC3-39970A32021B}.Debug|x86.ActiveCfg = Debug|Any CPU
		{0B88B8B7-5EEB-4C08-8FC3-39970A32021B}.Debug|x86.Build.0 = Debug|Any CPU
		{0B88B8B7-5EEB-4C08-8FC3-39970A32021B}.Release|Any CPU.ActiveCfg = Release|Any CPU
		{0B88B8B7-5EEB-4C08-8FC3-39970A32021B}.Release|Any CPU.Build.0 = Release|Any CPU
		{0B88B8B7-5EEB-4C08-8FC3-39970A32021B}.Release|ARM.ActiveCfg = Release|Any CPU
		{0B88B8B7-5EEB-4C08-8FC3-39970A32021B}.Release|ARM.Build.0 = Release|Any CPU
		{0B88B8B7-5EEB-4C08-8FC3-39970A32021B}.Release|iPhone.ActiveCfg = Release|Any CPU
		{0B88B8B7-5EEB-4C08-8FC3-39970A32021B}.Release|iPhone.Build.0 = Release|Any CPU
		{0B88B8B7-5EEB-4C08-8FC3-39970A32021B}.Release|iPhoneSimulator.ActiveCfg = Release|Any CPU
		{0B88B8B7-5EEB-4C08-8FC3-39970A32021B}.Release|iPhoneSimulator.Build.0 = Release|Any CPU
		{0B88B8B7-5EEB-4C08-8FC3-39970A32021B}.Release|x64.ActiveCfg = Release|Any CPU
		{0B88B8B7-5EEB-4C08-8FC3-39970A32021B}.Release|x64.Build.0 = Release|Any CPU
		{0B88B8B7-5EEB-4C08-8FC3-39970A32021B}.Release|x86.ActiveCfg = Release|Any CPU
		{0B88B8B7-5EEB-4C08-8FC3-39970A32021B}.Release|x86.Build.0 = Release|Any CPU
		{7DAF4C52-FFF0-4EA7-91F4-A63E3191431E}.Debug|Any CPU.ActiveCfg = Debug|Any CPU
		{7DAF4C52-FFF0-4EA7-91F4-A63E3191431E}.Debug|Any CPU.Build.0 = Debug|Any CPU
		{7DAF4C52-FFF0-4EA7-91F4-A63E3191431E}.Debug|ARM.ActiveCfg = Debug|Any CPU
		{7DAF4C52-FFF0-4EA7-91F4-A63E3191431E}.Debug|ARM.Build.0 = Debug|Any CPU
		{7DAF4C52-FFF0-4EA7-91F4-A63E3191431E}.Debug|iPhone.ActiveCfg = Debug|Any CPU
		{7DAF4C52-FFF0-4EA7-91F4-A63E3191431E}.Debug|iPhone.Build.0 = Debug|Any CPU
		{7DAF4C52-FFF0-4EA7-91F4-A63E3191431E}.Debug|iPhoneSimulator.ActiveCfg = Debug|Any CPU
		{7DAF4C52-FFF0-4EA7-91F4-A63E3191431E}.Debug|iPhoneSimulator.Build.0 = Debug|Any CPU
		{7DAF4C52-FFF0-4EA7-91F4-A63E3191431E}.Debug|x64.ActiveCfg = Debug|Any CPU
		{7DAF4C52-FFF0-4EA7-91F4-A63E3191431E}.Debug|x64.Build.0 = Debug|Any CPU
		{7DAF4C52-FFF0-4EA7-91F4-A63E3191431E}.Debug|x86.ActiveCfg = Debug|Any CPU
		{7DAF4C52-FFF0-4EA7-91F4-A63E3191431E}.Debug|x86.Build.0 = Debug|Any CPU
		{7DAF4C52-FFF0-4EA7-91F4-A63E3191431E}.Release|Any CPU.ActiveCfg = Release|Any CPU
		{7DAF4C52-FFF0-4EA7-91F4-A63E3191431E}.Release|Any CPU.Build.0 = Release|Any CPU
		{7DAF4C52-FFF0-4EA7-91F4-A63E3191431E}.Release|ARM.ActiveCfg = Release|Any CPU
		{7DAF4C52-FFF0-4EA7-91F4-A63E3191431E}.Release|ARM.Build.0 = Release|Any CPU
		{7DAF4C52-FFF0-4EA7-91F4-A63E3191431E}.Release|iPhone.ActiveCfg = Release|Any CPU
		{7DAF4C52-FFF0-4EA7-91F4-A63E3191431E}.Release|iPhone.Build.0 = Release|Any CPU
		{7DAF4C52-FFF0-4EA7-91F4-A63E3191431E}.Release|iPhoneSimulator.ActiveCfg = Release|Any CPU
		{7DAF4C52-FFF0-4EA7-91F4-A63E3191431E}.Release|iPhoneSimulator.Build.0 = Release|Any CPU
		{7DAF4C52-FFF0-4EA7-91F4-A63E3191431E}.Release|x64.ActiveCfg = Release|Any CPU
		{7DAF4C52-FFF0-4EA7-91F4-A63E3191431E}.Release|x64.Build.0 = Release|Any CPU
		{7DAF4C52-FFF0-4EA7-91F4-A63E3191431E}.Release|x86.ActiveCfg = Release|Any CPU
		{7DAF4C52-FFF0-4EA7-91F4-A63E3191431E}.Release|x86.Build.0 = Release|Any CPU
		{FAC77B11-D2CD-49C9-AD8E-8DC22FF1EA79}.Debug|Any CPU.ActiveCfg = Debug|x86
		{FAC77B11-D2CD-49C9-AD8E-8DC22FF1EA79}.Debug|ARM.ActiveCfg = Debug|ARM
		{FAC77B11-D2CD-49C9-AD8E-8DC22FF1EA79}.Debug|ARM.Build.0 = Debug|ARM
		{FAC77B11-D2CD-49C9-AD8E-8DC22FF1EA79}.Debug|ARM.Deploy.0 = Debug|ARM
		{FAC77B11-D2CD-49C9-AD8E-8DC22FF1EA79}.Debug|iPhone.ActiveCfg = Debug|x86
		{FAC77B11-D2CD-49C9-AD8E-8DC22FF1EA79}.Debug|iPhoneSimulator.ActiveCfg = Debug|x86
		{FAC77B11-D2CD-49C9-AD8E-8DC22FF1EA79}.Debug|x64.ActiveCfg = Debug|x64
		{FAC77B11-D2CD-49C9-AD8E-8DC22FF1EA79}.Debug|x64.Build.0 = Debug|x64
		{FAC77B11-D2CD-49C9-AD8E-8DC22FF1EA79}.Debug|x64.Deploy.0 = Debug|x64
		{FAC77B11-D2CD-49C9-AD8E-8DC22FF1EA79}.Debug|x86.ActiveCfg = Debug|x86
		{FAC77B11-D2CD-49C9-AD8E-8DC22FF1EA79}.Debug|x86.Build.0 = Debug|x86
		{FAC77B11-D2CD-49C9-AD8E-8DC22FF1EA79}.Debug|x86.Deploy.0 = Debug|x86
		{FAC77B11-D2CD-49C9-AD8E-8DC22FF1EA79}.Release|Any CPU.ActiveCfg = Release|x86
		{FAC77B11-D2CD-49C9-AD8E-8DC22FF1EA79}.Release|ARM.ActiveCfg = Release|ARM
		{FAC77B11-D2CD-49C9-AD8E-8DC22FF1EA79}.Release|ARM.Build.0 = Release|ARM
		{FAC77B11-D2CD-49C9-AD8E-8DC22FF1EA79}.Release|ARM.Deploy.0 = Release|ARM
		{FAC77B11-D2CD-49C9-AD8E-8DC22FF1EA79}.Release|iPhone.ActiveCfg = Release|x86
		{FAC77B11-D2CD-49C9-AD8E-8DC22FF1EA79}.Release|iPhoneSimulator.ActiveCfg = Release|x86
		{FAC77B11-D2CD-49C9-AD8E-8DC22FF1EA79}.Release|x64.ActiveCfg = Release|x64
		{FAC77B11-D2CD-49C9-AD8E-8DC22FF1EA79}.Release|x64.Build.0 = Release|x64
		{FAC77B11-D2CD-49C9-AD8E-8DC22FF1EA79}.Release|x64.Deploy.0 = Release|x64
		{FAC77B11-D2CD-49C9-AD8E-8DC22FF1EA79}.Release|x86.ActiveCfg = Release|x86
		{FAC77B11-D2CD-49C9-AD8E-8DC22FF1EA79}.Release|x86.Build.0 = Release|x86
		{FAC77B11-D2CD-49C9-AD8E-8DC22FF1EA79}.Release|x86.Deploy.0 = Release|x86
		{DDF7DB31-8379-4B70-A875-AEE9B5762921}.Debug|Any CPU.ActiveCfg = Debug|Any CPU
		{DDF7DB31-8379-4B70-A875-AEE9B5762921}.Debug|Any CPU.Build.0 = Debug|Any CPU
		{DDF7DB31-8379-4B70-A875-AEE9B5762921}.Debug|Any CPU.Deploy.0 = Debug|Any CPU
		{DDF7DB31-8379-4B70-A875-AEE9B5762921}.Debug|ARM.ActiveCfg = Debug|Any CPU
		{DDF7DB31-8379-4B70-A875-AEE9B5762921}.Debug|ARM.Build.0 = Debug|Any CPU
		{DDF7DB31-8379-4B70-A875-AEE9B5762921}.Debug|ARM.Deploy.0 = Debug|Any CPU
		{DDF7DB31-8379-4B70-A875-AEE9B5762921}.Debug|iPhone.ActiveCfg = Debug|Any CPU
		{DDF7DB31-8379-4B70-A875-AEE9B5762921}.Debug|iPhone.Build.0 = Debug|Any CPU
		{DDF7DB31-8379-4B70-A875-AEE9B5762921}.Debug|iPhone.Deploy.0 = Debug|Any CPU
		{DDF7DB31-8379-4B70-A875-AEE9B5762921}.Debug|iPhoneSimulator.ActiveCfg = Debug|Any CPU
		{DDF7DB31-8379-4B70-A875-AEE9B5762921}.Debug|iPhoneSimulator.Build.0 = Debug|Any CPU
		{DDF7DB31-8379-4B70-A875-AEE9B5762921}.Debug|iPhoneSimulator.Deploy.0 = Debug|Any CPU
		{DDF7DB31-8379-4B70-A875-AEE9B5762921}.Debug|x64.ActiveCfg = Debug|Any CPU
		{DDF7DB31-8379-4B70-A875-AEE9B5762921}.Debug|x64.Build.0 = Debug|Any CPU
		{DDF7DB31-8379-4B70-A875-AEE9B5762921}.Debug|x64.Deploy.0 = Debug|Any CPU
		{DDF7DB31-8379-4B70-A875-AEE9B5762921}.Debug|x86.ActiveCfg = Debug|Any CPU
		{DDF7DB31-8379-4B70-A875-AEE9B5762921}.Debug|x86.Build.0 = Debug|Any CPU
		{DDF7DB31-8379-4B70-A875-AEE9B5762921}.Debug|x86.Deploy.0 = Debug|Any CPU
		{DDF7DB31-8379-4B70-A875-AEE9B5762921}.Release|Any CPU.ActiveCfg = Release|Any CPU
		{DDF7DB31-8379-4B70-A875-AEE9B5762921}.Release|Any CPU.Build.0 = Release|Any CPU
		{DDF7DB31-8379-4B70-A875-AEE9B5762921}.Release|Any CPU.Deploy.0 = Release|Any CPU
		{DDF7DB31-8379-4B70-A875-AEE9B5762921}.Release|ARM.ActiveCfg = Release|Any CPU
		{DDF7DB31-8379-4B70-A875-AEE9B5762921}.Release|ARM.Build.0 = Release|Any CPU
		{DDF7DB31-8379-4B70-A875-AEE9B5762921}.Release|ARM.Deploy.0 = Release|Any CPU
		{DDF7DB31-8379-4B70-A875-AEE9B5762921}.Release|iPhone.ActiveCfg = Release|Any CPU
		{DDF7DB31-8379-4B70-A875-AEE9B5762921}.Release|iPhone.Build.0 = Release|Any CPU
		{DDF7DB31-8379-4B70-A875-AEE9B5762921}.Release|iPhone.Deploy.0 = Release|Any CPU
		{DDF7DB31-8379-4B70-A875-AEE9B5762921}.Release|iPhoneSimulator.ActiveCfg = Release|Any CPU
		{DDF7DB31-8379-4B70-A875-AEE9B5762921}.Release|iPhoneSimulator.Build.0 = Release|Any CPU
		{DDF7DB31-8379-4B70-A875-AEE9B5762921}.Release|iPhoneSimulator.Deploy.0 = Release|Any CPU
		{DDF7DB31-8379-4B70-A875-AEE9B5762921}.Release|x64.ActiveCfg = Release|Any CPU
		{DDF7DB31-8379-4B70-A875-AEE9B5762921}.Release|x64.Build.0 = Release|Any CPU
		{DDF7DB31-8379-4B70-A875-AEE9B5762921}.Release|x64.Deploy.0 = Release|Any CPU
		{DDF7DB31-8379-4B70-A875-AEE9B5762921}.Release|x86.ActiveCfg = Release|Any CPU
		{DDF7DB31-8379-4B70-A875-AEE9B5762921}.Release|x86.Build.0 = Release|Any CPU
		{DDF7DB31-8379-4B70-A875-AEE9B5762921}.Release|x86.Deploy.0 = Release|Any CPU
		{217B226B-BF78-4712-9802-2A1EBB173E26}.Debug|Any CPU.ActiveCfg = Debug|iPhone
		{217B226B-BF78-4712-9802-2A1EBB173E26}.Debug|ARM.ActiveCfg = Debug|iPhone
		{217B226B-BF78-4712-9802-2A1EBB173E26}.Debug|iPhone.ActiveCfg = Debug|iPhone
		{217B226B-BF78-4712-9802-2A1EBB173E26}.Debug|iPhone.Build.0 = Debug|iPhone
		{217B226B-BF78-4712-9802-2A1EBB173E26}.Debug|iPhoneSimulator.ActiveCfg = Debug|iPhoneSimulator
		{217B226B-BF78-4712-9802-2A1EBB173E26}.Debug|iPhoneSimulator.Build.0 = Debug|iPhoneSimulator
		{217B226B-BF78-4712-9802-2A1EBB173E26}.Debug|x64.ActiveCfg = Debug|iPhone
		{217B226B-BF78-4712-9802-2A1EBB173E26}.Debug|x86.ActiveCfg = Debug|iPhone
		{217B226B-BF78-4712-9802-2A1EBB173E26}.Release|Any CPU.ActiveCfg = Release|iPhone
		{217B226B-BF78-4712-9802-2A1EBB173E26}.Release|ARM.ActiveCfg = Release|iPhone
		{217B226B-BF78-4712-9802-2A1EBB173E26}.Release|iPhone.ActiveCfg = Release|iPhone
		{217B226B-BF78-4712-9802-2A1EBB173E26}.Release|iPhone.Build.0 = Release|iPhone
		{217B226B-BF78-4712-9802-2A1EBB173E26}.Release|iPhoneSimulator.ActiveCfg = Release|iPhoneSimulator
		{217B226B-BF78-4712-9802-2A1EBB173E26}.Release|iPhoneSimulator.Build.0 = Release|iPhoneSimulator
		{217B226B-BF78-4712-9802-2A1EBB173E26}.Release|x64.ActiveCfg = Release|iPhone
		{217B226B-BF78-4712-9802-2A1EBB173E26}.Release|x86.ActiveCfg = Release|iPhone
		{433455C6-4829-4357-8B4B-17D33275C14B}.Debug|Any CPU.ActiveCfg = Debug|Any CPU
		{433455C6-4829-4357-8B4B-17D33275C14B}.Debug|Any CPU.Build.0 = Debug|Any CPU
		{433455C6-4829-4357-8B4B-17D33275C14B}.Debug|ARM.ActiveCfg = Debug|Any CPU
		{433455C6-4829-4357-8B4B-17D33275C14B}.Debug|ARM.Build.0 = Debug|Any CPU
		{433455C6-4829-4357-8B4B-17D33275C14B}.Debug|iPhone.ActiveCfg = Debug|Any CPU
		{433455C6-4829-4357-8B4B-17D33275C14B}.Debug|iPhone.Build.0 = Debug|Any CPU
		{433455C6-4829-4357-8B4B-17D33275C14B}.Debug|iPhoneSimulator.ActiveCfg = Debug|Any CPU
		{433455C6-4829-4357-8B4B-17D33275C14B}.Debug|iPhoneSimulator.Build.0 = Debug|Any CPU
		{433455C6-4829-4357-8B4B-17D33275C14B}.Debug|x64.ActiveCfg = Debug|Any CPU
		{433455C6-4829-4357-8B4B-17D33275C14B}.Debug|x64.Build.0 = Debug|Any CPU
		{433455C6-4829-4357-8B4B-17D33275C14B}.Debug|x86.ActiveCfg = Debug|Any CPU
		{433455C6-4829-4357-8B4B-17D33275C14B}.Debug|x86.Build.0 = Debug|Any CPU
		{433455C6-4829-4357-8B4B-17D33275C14B}.Release|Any CPU.ActiveCfg = Release|Any CPU
		{433455C6-4829-4357-8B4B-17D33275C14B}.Release|Any CPU.Build.0 = Release|Any CPU
		{433455C6-4829-4357-8B4B-17D33275C14B}.Release|ARM.ActiveCfg = Release|Any CPU
		{433455C6-4829-4357-8B4B-17D33275C14B}.Release|ARM.Build.0 = Release|Any CPU
		{433455C6-4829-4357-8B4B-17D33275C14B}.Release|iPhone.ActiveCfg = Release|Any CPU
		{433455C6-4829-4357-8B4B-17D33275C14B}.Release|iPhone.Build.0 = Release|Any CPU
		{433455C6-4829-4357-8B4B-17D33275C14B}.Release|iPhoneSimulator.ActiveCfg = Release|Any CPU
		{433455C6-4829-4357-8B4B-17D33275C14B}.Release|iPhoneSimulator.Build.0 = Release|Any CPU
		{433455C6-4829-4357-8B4B-17D33275C14B}.Release|x64.ActiveCfg = Release|Any CPU
		{433455C6-4829-4357-8B4B-17D33275C14B}.Release|x64.Build.0 = Release|Any CPU
		{433455C6-4829-4357-8B4B-17D33275C14B}.Release|x86.ActiveCfg = Release|Any CPU
		{433455C6-4829-4357-8B4B-17D33275C14B}.Release|x86.Build.0 = Release|Any CPU
		{9C8F58F6-5E38-412D-91AE-28EF41C1BD06}.Debug|Any CPU.ActiveCfg = Debug|Any CPU
		{9C8F58F6-5E38-412D-91AE-28EF41C1BD06}.Debug|Any CPU.Build.0 = Debug|Any CPU
		{9C8F58F6-5E38-412D-91AE-28EF41C1BD06}.Debug|ARM.ActiveCfg = Debug|Any CPU
		{9C8F58F6-5E38-412D-91AE-28EF41C1BD06}.Debug|ARM.Build.0 = Debug|Any CPU
		{9C8F58F6-5E38-412D-91AE-28EF41C1BD06}.Debug|iPhone.ActiveCfg = Debug|Any CPU
		{9C8F58F6-5E38-412D-91AE-28EF41C1BD06}.Debug|iPhone.Build.0 = Debug|Any CPU
		{9C8F58F6-5E38-412D-91AE-28EF41C1BD06}.Debug|iPhoneSimulator.ActiveCfg = Debug|Any CPU
		{9C8F58F6-5E38-412D-91AE-28EF41C1BD06}.Debug|iPhoneSimulator.Build.0 = Debug|Any CPU
		{9C8F58F6-5E38-412D-91AE-28EF41C1BD06}.Debug|x64.ActiveCfg = Debug|Any CPU
		{9C8F58F6-5E38-412D-91AE-28EF41C1BD06}.Debug|x64.Build.0 = Debug|Any CPU
		{9C8F58F6-5E38-412D-91AE-28EF41C1BD06}.Debug|x86.ActiveCfg = Debug|Any CPU
		{9C8F58F6-5E38-412D-91AE-28EF41C1BD06}.Debug|x86.Build.0 = Debug|Any CPU
		{9C8F58F6-5E38-412D-91AE-28EF41C1BD06}.Release|Any CPU.ActiveCfg = Release|Any CPU
		{9C8F58F6-5E38-412D-91AE-28EF41C1BD06}.Release|Any CPU.Build.0 = Release|Any CPU
		{9C8F58F6-5E38-412D-91AE-28EF41C1BD06}.Release|ARM.ActiveCfg = Release|Any CPU
		{9C8F58F6-5E38-412D-91AE-28EF41C1BD06}.Release|ARM.Build.0 = Release|Any CPU
		{9C8F58F6-5E38-412D-91AE-28EF41C1BD06}.Release|iPhone.ActiveCfg = Release|Any CPU
		{9C8F58F6-5E38-412D-91AE-28EF41C1BD06}.Release|iPhone.Build.0 = Release|Any CPU
		{9C8F58F6-5E38-412D-91AE-28EF41C1BD06}.Release|iPhoneSimulator.ActiveCfg = Release|Any CPU
		{9C8F58F6-5E38-412D-91AE-28EF41C1BD06}.Release|iPhoneSimulator.Build.0 = Release|Any CPU
		{9C8F58F6-5E38-412D-91AE-28EF41C1BD06}.Release|x64.ActiveCfg = Release|Any CPU
		{9C8F58F6-5E38-412D-91AE-28EF41C1BD06}.Release|x64.Build.0 = Release|Any CPU
		{9C8F58F6-5E38-412D-91AE-28EF41C1BD06}.Release|x86.ActiveCfg = Release|Any CPU
		{9C8F58F6-5E38-412D-91AE-28EF41C1BD06}.Release|x86.Build.0 = Release|Any CPU
	EndGlobalSection
	GlobalSection(SolutionProperties) = preSolution
		HideSolutionNode = FALSE
	EndGlobalSection
	GlobalSection(ExtensibilityGlobals) = postSolution
		SolutionGuid = {0FDEF818-DC11-4D92-BCE4-2B69C43FF346}
	EndGlobalSection
EndGlobal
